
Microsoft Visual Studio Solution File, Format Version 12.00
# Visual Studio Version 16
VisualStudioVersion = 16.0.30611.23
MinimumVisualStudioVersion = 10.0.40219.1
Project("{FAE04EC0-301F-11D3-BF4B-00C04F79EFBC}") = "VacationManagement.API", "VacationManagement.API\VacationManagement.API.csproj", "{49CAB502-2251-4280-BE76-7CE50DFF70BC}"
EndProject
Project("{FAE04EC0-301F-11D3-BF4B-00C04F79EFBC}") = "VacationManagement.Infrastructure", "VacationManagement.Infrastructure\VacationManagement.Infrastructure.csproj", "{6A60745C-0B56-4F9A-9A0D-746346B11421}"
EndProject
Project("{FAE04EC0-301F-11D3-BF4B-00C04F79EFBC}") = "VacationManagement.Domain", "VacationManagement.Domain\VacationManagement.Domain.csproj", "{17806B71-D545-4F18-BA8B-F99C271EE248}"
EndProject
Global
	GlobalSection(SolutionConfigurationPlatforms) = preSolution
		Debug|Any CPU = Debug|Any CPU
		Release|Any CPU = Release|Any CPU
	EndGlobalSection
	GlobalSection(ProjectConfigurationPlatforms) = postSolution
		{49CAB502-2251-4280-BE76-7CE50DFF70BC}.Debug|Any CPU.ActiveCfg = Debug|Any CPU
		{49CAB502-2251-4280-BE76-7CE50DFF70BC}.Debug|Any CPU.Build.0 = Debug|Any CPU
		{49CAB502-2251-4280-BE76-7CE50DFF70BC}.Release|Any CPU.ActiveCfg = Release|Any CPU
		{49CAB502-2251-4280-BE76-7CE50DFF70BC}.Release|Any CPU.Build.0 = Release|Any CPU
		{6A60745C-0B56-4F9A-9A0D-746346B11421}.Debug|Any CPU.ActiveCfg = Debug|Any CPU
		{6A60745C-0B56-4F9A-9A0D-746346B11421}.Debug|Any CPU.Build.0 = Debug|Any CPU
		{6A60745C-0B56-4F9A-9A0D-746346B11421}.Release|Any CPU.ActiveCfg = Release|Any CPU
		{6A60745C-0B56-4F9A-9A0D-746346B11421}.Release|Any CPU.Build.0 = Release|Any CPU
		{17806B71-D545-4F18-BA8B-F99C271EE248}.Debug|Any CPU.ActiveCfg = Debug|Any CPU
		{17806B71-D545-4F18-BA8B-F99C271EE248}.Debug|Any CPU.Build.0 = Debug|Any CPU
		{17806B71-D545-4F18-BA8B-F99C271EE248}.Release|Any CPU.ActiveCfg = Release|Any CPU
		{17806B71-D545-4F18-BA8B-F99C271EE248}.Release|Any CPU.Build.0 = Release|Any CPU
	EndGlobalSection
	GlobalSection(SolutionProperties) = preSolution
		HideSolutionNode = FALSE
	EndGlobalSection
	GlobalSection(ExtensibilityGlobals) = postSolution
		SolutionGuid = {212A657D-B8DC-4DA1-8FD6-CE2413266D7D}
	EndGlobalSection
EndGlobal
